
Microsoft Visual Studio Solution File, Format Version 12.00
# Visual Studio Version 16
VisualStudioVersion = 16.0.29613.14
MinimumVisualStudioVersion = 10.0.40219.1
Project("{FAE04EC0-301F-11D3-BF4B-00C04F79EFBC}") = "KyeSwapperTemplate", "KyeSwapperTemplate.csproj", "{B7B80EDB-78F5-40F8-9D95-43E0AA076F2C}"
EndProject
Global
	GlobalSection(SolutionConfigurationPlatforms) = preSolution
		Debug|Any CPU = Debug|Any CPU
		Release|Any CPU = Release|Any CPU
	EndGlobalSection
	GlobalSection(ProjectConfigurationPlatforms) = postSolution
		{B7B80EDB-78F5-40F8-9D95-43E0AA076F2C}.Debug|Any CPU.ActiveCfg = Debug|Any CPU
		{B7B80EDB-78F5-40F8-9D95-43E0AA076F2C}.Debug|Any CPU.Build.0 = Debug|Any CPU
		{B7B80EDB-78F5-40F8-9D95-43E0AA076F2C}.Release|Any CPU.ActiveCfg = Release|Any CPU
		{B7B80EDB-78F5-40F8-9D95-43E0AA076F2C}.Release|Any CPU.Build.0 = Release|Any CPU
	EndGlobalSection
	GlobalSection(SolutionProperties) = preSolution
		HideSolutionNode = FALSE
	EndGlobalSection
	GlobalSection(ExtensibilityGlobals) = postSolution
		SolutionGuid = {4C0549CC-8566-46D3-BBD0-28667C6BD959}
	EndGlobalSection
EndGlobal
